PODS:
  - LinqToObjectiveC (2.0.0)
  - ReactiveCocoa (2.1.8):
    - ReactiveCocoa/Core (= 2.1.8)
    - ReactiveCocoa/no-arc (= 2.1.8)
  - ReactiveCocoa/Core (2.1.8):
    - ReactiveCocoa/no-arc
  - ReactiveCocoa/no-arc (2.1.8)

DEPENDENCIES:
  - LinqToObjectiveC (= 2.0.0)
  - ReactiveCocoa (= 2.1.8)

SPEC CHECKSUMS:
  LinqToObjectiveC: 768f98c62d5b57cb6bdb7ab869e33d0a7a2da29c
  ReactiveCocoa: f89f2e009a87951b50321bf9feb958823fcc617e

PODFILE CHECKSUM: 63e0414047155a965d9afcc5b83e373b070d495f

COCOAPODS: 1.2.1.beta.1
